
Microsoft Visual Studio Solution File, Format Version 12.00
# Visual Studio Version 16
VisualStudioVersion = 16.0.32002.261
MinimumVisualStudioVersion = 10.0.40219.1
Project("{FAE04EC0-301F-11D3-BF4B-00C04F79EFBC}") = "ChangeCalculator", "ChangeCalculator\ChangeCalculator.csproj", "{13FA7CA7-B21C-4BA7-AA17-F88BB07F6A04}"
EndProject
Global
	GlobalSection(SolutionConfigurationPlatforms) = preSolution
		Debug|Any CPU = Debug|Any CPU
		Release|Any CPU = Release|Any CPU
	EndGlobalSection
	GlobalSection(ProjectConfigurationPlatforms) = postSolution
		{13FA7CA7-B21C-4BA7-AA17-F88BB07F6A04}.Debug|Any CPU.ActiveCfg = Debug|Any CPU
		{13FA7CA7-B21C-4BA7-AA17-F88BB07F6A04}.Debug|Any CPU.Build.0 = Debug|Any CPU
		{13FA7CA7-B21C-4BA7-AA17-F88BB07F6A04}.Release|Any CPU.ActiveCfg = Release|Any CPU
		{13FA7CA7-B21C-4BA7-AA17-F88BB07F6A04}.Release|Any CPU.Build.0 = Release|Any CPU
	EndGlobalSection
	GlobalSection(SolutionProperties) = preSolution
		HideSolutionNode = FALSE
	EndGlobalSection
	GlobalSection(ExtensibilityGlobals) = postSolution
		SolutionGuid = {BB6F54E7-D717-4799-9937-3012237E0E2A}
	EndGlobalSection
EndGlobal
